{
    "_readme": [
        "This file locks the dependencies of your project to a known state",
        "Read more about it at https://getcomposer.org/doc/01-basic-usage.md#composer-lock-the-lock-file",
        "This file is @generated automatically"
    ],
    "content-hash": "ead1bdda7886f85d669525d5465eb828",
    "packages": [
        {
            "name": "bobdenotter/simone",
            "version": "v2.0.1",
            "source": {
                "type": "git",
                "url": "https://github.com/bobdenotter/simone.git",
                "reference": "0d9debb6180e4d2d7d304610bf059919d7a27b59"
            },
            "dist": {
                "type": "zip",
                "url": "https://api.github.com/repos/bobdenotter/simone/zipball/0d9debb6180e4d2d7d304610bf059919d7a27b59",
                "reference": "0d9debb6180e4d2d7d304610bf059919d7a27b59",
                "shasum": ""
            },
            "require": {
                "bolt/bolt": "^3.0"
            },
            "suggest": {
                "bolt/disqus": "Add Disqus comments to your pages.",
                "bolt/facebookcomments": "Add Facebook comments to your pages."
            },
            "type": "bolt-theme",
            "extra": {
                "bolt-screenshots": [
                    "screenshots/screenshot1.png",
                    "screenshots/screenshot2.png",
                    "screenshots/screenshot3.png"
                ]
            },
            "license": [
                "GPL v2"
            ],
            "authors": [
                {
                    "name": "Bob den Otter",
                    "email": "bob@twokings.nl"
                },
                {
                    "name": "Morten Rand-Hendriksen",
                    "email": "morten@mor10.com"
                }
            ],
            "description": "Simone - A rensposive theme for Bolt, focused on typography and aims to put the content front and center. Fonts are large and clear and scale according to screen width.",
            "keywords": [
                "port",
                "responsive",
                "simone",
                "theme",
                "typography"
            ],
            "support": {
                "source": "https://github.com/bobdenotter/simone/tree/v2.0.1"
            },
            "time": "2016-11-22T17:23:18+00:00"
        },
        {
            "name": "bolt/foundation",
            "version": "v2.1.0",
            "source": {
                "type": "git",
                "url": "https://github.com/bobdenotter/bolt-foundation-theme.git",
                "reference": "4e1002b99c088808352e3ac26fec9bebb7a98497"
            },
            "dist": {
                "type": "zip",
                "url": "https://api.github.com/repos/bobdenotter/bolt-foundation-theme/zipball/4e1002b99c088808352e3ac26fec9bebb7a98497",
                "reference": "4e1002b99c088808352e3ac26fec9bebb7a98497",
                "shasum": ""
            },
            "require": {
                "bolt/bolt": ">3.0,<4.0.0"
            },
            "type": "bolt-theme",
            "extra": {
                "bolt-screenshots": [
                    "screenshots/frontpage.png",
                    "screenshots/page.png"
                ]
            },
            "license": [
                "MIT"
            ],
            "authors": [
                {
                    "name": "Bob den Otter",
                    "email": "bob@twokings.nl"
                }
            ],
            "description": "This a blank theme for Bolt, built on top of the Foundation for Sites framework. It is built with Zurb Foundation 6.3 and Sass, but you can use it as-is.",
            "keywords": [
                "bare bones",
                "boilerplate",
                "bolt",
                "foundation",
                "skeleton",
                "theme"
            ],
            "support": {
                "source": "https://github.com/bobdenotter/bolt-foundation-theme/tree/master",
                "issues": "https://github.com/bobdenotter/bolt-foundation-theme/issues"
            },
            "time": "2017-03-09T16:21:09+00:00"
        },
        {
            "name": "koolserve/youtube-import",
            "version": "v0.1.3",
            "source": {
                "type": "git",
                "url": "https://github.com/KoolServe/bolt-youtube-import.git",
                "reference": "8430d9d684e1cb7eda462cbcec9da1d76868934a"
            },
            "dist": {
                "type": "zip",
                "url": "https://api.github.com/repos/KoolServe/bolt-youtube-import/zipball/8430d9d684e1cb7eda462cbcec9da1d76868934a",
                "reference": "8430d9d684e1cb7eda462cbcec9da1d76868934a",
                "shasum": ""
            },
            "require": {
                "bolt/bolt": "^3.2"
            },
            "require-dev": {
                "phpunit/phpunit": "^4.7"
            },
            "type": "bolt-extension",
            "extra": {
                "bolt-assets": "web",
                "bolt-class": "Bolt\\Extension\\Koolserve\\YouTubeImport\\YouTubeImportExtension"
            },
            "autoload": {
                "psr-4": {
                    "Bolt\\Extension\\Koolserve\\YouTubeImport\\": "src"
                }
            },
            "autoload-dev": {
                "psr-4": {
                    "Bolt\\Extension\\Koolserve\\YouTubeImport\\Tests\\": "tests",
                    "Bolt\\Tests\\": "vendor/bolt/bolt/tests/phpunit/unit/"
                }
            },
            "license": [
                "GPL-3.0"
            ],
            "authors": [
                {
                    "name": "Chris Hilsdon",
                    "email": "chris@koolserve.uk"
                }
            ],
            "description": "Import YouTube videos into Bolt",
            "keywords": [
                "Import",
                "YouTube"
            ],
            "support": {
                "source": "https://github.com/KoolServe/bolt-youtube-import/tree/v0.1.3",
                "issues": "https://github.com/KoolServe/bolt-youtube-import/issues"
            },
            "time": "2016-12-28T19:23:12+00:00"
        },
        {
            "name": "nestordedios/bolt-theme-spatial",
            "version": "v2.0",
            "source": {
                "type": "git",
                "url": "https://github.com/nestordedios/bolt-theme-spatial.git",
                "reference": "d92167b5a83691708fc2ffe72205de3ed8d20e03"
            },
            "dist": {
                "type": "zip",
                "url": "https://api.github.com/repos/nestordedios/bolt-theme-spatial/zipball/d92167b5a83691708fc2ffe72205de3ed8d20e03",
                "reference": "d92167b5a83691708fc2ffe72205de3ed8d20e03",
                "shasum": ""
            },
            "require": {
                "bolt/bolt": "^3.0"
            },
            "type": "bolt-theme",
            "extra": {
                "bolt-screenshots": [
                    "screenshots/screenshot1.png",
                    "screenshots/screenshot2.png",
                    "screenshots/screenshot3.png"
                ]
            },
            "license": [
                "CCA (Creative Commons Attribution)"
            ],
            "authors": [
                {
                    "name": "Nestor de Dios Fernandez",
                    "email": "nestordedios@outlook.es"
                },
                {
                    "name": "TEMPLATED",
                    "homepage": "www.templated.co"
                }
            ],
            "description": "Spatial - A simple, spacious, minimalistic design topped off with a large cover image.",
            "keywords": [
                "minimalistic",
                "responsive",
                "simple",
                "spacious",
                "spatial",
                "theme"
            ],
            "support": {
                "source": "https://github.com/nestordedios/bolt-theme-spatial/tree/v2.0",
                "issues": "https://github.com/nestordedios/bolt-theme-spatial/issues"
            },
            "time": "2016-04-29T09:57:14+00:00"
        }
    ],
    "packages-dev": [],
    "aliases": [],
    "minimum-stability": "stable",
    "stability-flags": [],
    "prefer-stable": true,
    "prefer-lowest": false,
    "platform": [],
    "platform-dev": []
}
